
Microsoft Visual Studio Solution File, Format Version 12.00
# Visual Studio Version 17
VisualStudioVersion = 17.5.33414.496
MinimumVisualStudioVersion = 10.0.40219.1
Project("{FAE04EC0-301F-11D3-BF4B-00C04F79EFBC}") = "CoffeeShopMVC", "CoffeeShopMVC\CoffeeShopMVC.csproj", "{736A73EF-3A64-4D2B-A628-89F8AFC7000A}"
EndProject
Project("{FAE04EC0-301F-11D3-BF4B-00C04F79EFBC}") = "CoffeeShopTests", "CoffeeShopTests\CoffeeShopTests.csproj", "{CF2C1C2D-A2DF-41AC-A7B8-F7A5B03DACD3}"
EndProject
Global
	GlobalSection(SolutionConfigurationPlatforms) = preSolution
		Debug|Any CPU = Debug|Any CPU
		Release|Any CPU = Release|Any CPU
	EndGlobalSection
	GlobalSection(ProjectConfigurationPlatforms) = postSolution
		{736A73EF-3A64-4D2B-A628-89F8AFC7000A}.Debug|Any CPU.ActiveCfg = Debug|Any CPU
		{736A73EF-3A64-4D2B-A628-89F8AFC7000A}.Debug|Any CPU.Build.0 = Debug|Any CPU
		{736A73EF-3A64-4D2B-A628-89F8AFC7000A}.Release|Any CPU.ActiveCfg = Release|Any CPU
		{736A73EF-3A64-4D2B-A628-89F8AFC7000A}.Release|Any CPU.Build.0 = Release|Any CPU
		{CF2C1C2D-A2DF-41AC-A7B8-F7A5B03DACD3}.Debug|Any CPU.ActiveCfg = Debug|Any CPU
		{CF2C1C2D-A2DF-41AC-A7B8-F7A5B03DACD3}.Debug|Any CPU.Build.0 = Debug|Any CPU
		{CF2C1C2D-A2DF-41AC-A7B8-F7A5B03DACD3}.Release|Any CPU.ActiveCfg = Release|Any CPU
		{CF2C1C2D-A2DF-41AC-A7B8-F7A5B03DACD3}.Release|Any CPU.Build.0 = Release|Any CPU
	EndGlobalSection
	GlobalSection(SolutionProperties) = preSolution
		HideSolutionNode = FALSE
	EndGlobalSection
	GlobalSection(ExtensibilityGlobals) = postSolution
		SolutionGuid = {7BAAD744-4516-4AD9-8F25-CC9F5D757605}
	EndGlobalSection
EndGlobal
